
Microsoft Visual Studio Solution File, Format Version 12.00
# Visual Studio Version 17
VisualStudioVersion = 17.11.35327.3
MinimumVisualStudioVersion = 10.0.40219.1
Project("{FAE04EC0-301F-11D3-BF4B-00C04F79EFBC}") = "ParsecVDisplay", "app\ParsecVDisplay.csproj", "{2D44934F-B4CF-4F2C-BD03-AE60B71AD045}"
EndProject
Project("{2150E333-8FDC-42A3-9474-1A3956D46DE8}") = "core", "core", "{9B03AE1C-BE49-45A8-9B89-11CE21AD1BF8}"
	ProjectSection(SolutionItems) = preProject
		core\parsec-vdd.h = core\parsec-vdd.h
		core\vdd-demo.cc = core\vdd-demo.cc
	EndProjectSection
EndProject
Project("{2150E333-8FDC-42A3-9474-1A3956D46DE8}") = ".github", ".github", "{44F3B28D-7C30-43D1-8153-C7A88B29B511}"
	ProjectSection(SolutionItems) = preProject
		.github\workflows\build.yml = .github\workflows\build.yml
	EndProjectSection
EndProject
Global
	GlobalSection(SolutionConfigurationPlatforms) = preSolution
		Debug|Any CPU = Debug|Any CPU
		Release|Any CPU = Release|Any CPU
	EndGlobalSection
	GlobalSection(ProjectConfigurationPlatforms) = postSolution
		{2D44934F-B4CF-4F2C-BD03-AE60B71AD045}.Debug|Any CPU.ActiveCfg = Debug|Any CPU
		{2D44934F-B4CF-4F2C-BD03-AE60B71AD045}.Debug|Any CPU.Build.0 = Debug|Any CPU
		{2D44934F-B4CF-4F2C-BD03-AE60B71AD045}.Release|Any CPU.ActiveCfg = Release|Any CPU
		{2D44934F-B4CF-4F2C-BD03-AE60B71AD045}.Release|Any CPU.Build.0 = Release|Any CPU
	EndGlobalSection
	GlobalSection(SolutionProperties) = preSolution
		HideSolutionNode = FALSE
	EndGlobalSection
	GlobalSection(ExtensibilityGlobals) = postSolution
		SolutionGuid = {745BF2B1-7A1D-48D6-87E6-3AF8CEAB96C5}
	EndGlobalSection
EndGlobal
